
Microsoft Visual Studio Solution File, Format Version 12.00
Project("{FAE04EC0-301F-11D3-BF4B-00C04F79EFBC}") = "ShopManagement.Domain", "ShopManagement.Domain\ShopManagement.Domain.csproj", "{EEBF5F96-8690-4964-839A-FDD007C33730}"
EndProject
Project("{FAE04EC0-301F-11D3-BF4B-00C04F79EFBC}") = "0_framework", "0_framework\0_framework.csproj", "{FBBBE565-1078-48FE-9BAA-5C94293758FD}"
EndProject
Project("{FAE04EC0-301F-11D3-BF4B-00C04F79EFBC}") = "ShopManagement.Application", "ShopManagement.Application\ShopManagement.Application.csproj", "{1E86478F-3F3F-4840-96D6-ABC3D97654F5}"
EndProject
Project("{FAE04EC0-301F-11D3-BF4B-00C04F79EFBC}") = "ShopManagement.Application.Contracts", "ShopManagement.Application.Contracts\ShopManagement.Application.Contracts.csproj", "{9B9B93AE-DD00-47D5-B6C7-1B2C5DF3FCF3}"
EndProject
Project("{FAE04EC0-301F-11D3-BF4B-00C04F79EFBC}") = "ShopManagement.Infrastructure.EFCore", "ShopManagement.Infrastructure.EFCore\ShopManagement.Infrastructure.EFCore.csproj", "{25289740-6E7B-4D8B-98CD-A46BFFB53DD6}"
EndProject
Project("{FAE04EC0-301F-11D3-BF4B-00C04F79EFBC}") = "ShopManagement.Configuration", "ShopManagement.Configuration\ShopManagement.Configuration.csproj", "{1ADEF05F-50C0-43BF-8237-7B33A358874F}"
EndProject
Project("{FAE04EC0-301F-11D3-BF4B-00C04F79EFBC}") = "ServiceHost", "ServiceHost\ServiceHost.csproj", "{CB6E2E3B-386C-48F2-97B2-94F5BD783295}"
EndProject
Project("{FAE04EC0-301F-11D3-BF4B-00C04F79EFBC}") = "01_LampshadeQuery", "01_LampshadeQuery\01_LampshadeQuery.csproj", "{475A9668-F795-4980-8A52-4C60558D2607}"
EndProject
Project("{FAE04EC0-301F-11D3-BF4B-00C04F79EFBC}") = "DiscountManagement.Domain", "DiscountManagement.Domain\DiscountManagement.Domain.csproj", "{89D46815-F423-497C-9DCB-071308CB2E23}"
EndProject
Project("{FAE04EC0-301F-11D3-BF4B-00C04F79EFBC}") = "DiscountManagement.Application.Contract", "DiscountManagement.Application.Contract\DiscountManagement.Application.Contract.csproj", "{5C7BF7B5-63B8-4DBF-89AD-40D17D3B9C11}"
EndProject
Project("{FAE04EC0-301F-11D3-BF4B-00C04F79EFBC}") = "DiscountManagement.Application", "DiscountManagement.Application\DiscountManagement.Application.csproj", "{2C28CCEB-55EE-41DA-9D9E-F3AD092C43BB}"
EndProject
Project("{FAE04EC0-301F-11D3-BF4B-00C04F79EFBC}") = "DiscountManagement.Infrastructure.EFCore", "DiscountManagement.Infrastructure.EFCore\DiscountManagement.Infrastructure.EFCore.csproj", "{8C350E70-EB73-4ACF-860A-387C7266DE42}"
EndProject
Project("{FAE04EC0-301F-11D3-BF4B-00C04F79EFBC}") = "DiscountManagement.Configuration", "DiscountManagement.Configuration\DiscountManagement.Configuration.csproj", "{F2DAB830-E84F-4B1F-A365-DF95E5DF9E14}"
EndProject
Project("{FAE04EC0-301F-11D3-BF4B-00C04F79EFBC}") = "InventoryManagement.Domain", "InventoryManagement.Domain\InventoryManagement.Domain.csproj", "{1A001CA4-E448-4230-9E92-251B2D607CD0}"
EndProject
Project("{FAE04EC0-301F-11D3-BF4B-00C04F79EFBC}") = "InventoryManagement.Application.Contract", "InventoryManagement.Application.Contract\InventoryManagement.Application.Contract.csproj", "{246943A0-88E2-4970-AE0E-B2A44F13FE39}"
EndProject
Project("{FAE04EC0-301F-11D3-BF4B-00C04F79EFBC}") = "InventoryManagement.Infrastructure.EFCore", "InventoryManagement.Infrastructure.EFCore\InventoryManagement.Infrastructure.EFCore.csproj", "{F7850CE7-1CDF-412D-B10C-9AF5D6F90D05}"
EndProject
Project("{FAE04EC0-301F-11D3-BF4B-00C04F79EFBC}") = "InventoryManagement.Infrastructure.Configuration", "InventoryManagement.Infrastructure.Configuration\InventoryManagement.Infrastructure.Configuration.csproj", "{3DDE63FB-54E8-4270-97CE-80AD92630A1B}"
EndProject
Project("{FAE04EC0-301F-11D3-BF4B-00C04F79EFBC}") = "InventoryManagement.Application", "InventoryManagement.Application\InventoryManagement.Application.csproj", "{E0E9AA1B-B66F-4ADB-BD5E-20F5AAEF76DF}"
EndProject
Project("{2150E333-8FDC-42A3-9474-1A3956D46DE8}") = "ShopManagement", "ShopManagement", "{0149C220-9CB3-4D9F-88F9-A1D4BD2E6CA6}"
EndProject
Project("{2150E333-8FDC-42A3-9474-1A3956D46DE8}") = "DiscountManagement", "DiscountManagement", "{4B0F3A40-0537-48C6-8A17-7077350DC56A}"
EndProject
Project("{2150E333-8FDC-42A3-9474-1A3956D46DE8}") = "InventoryManagement", "InventoryManagement", "{F0F1E784-7D85-4A24-8362-2CFC3B194DFE}"
EndProject
Project("{2150E333-8FDC-42A3-9474-1A3956D46DE8}") = "AccountManagement", "AccountManagement", "{42F49072-16C9-4AD5-9A15-4DF160208845}"
EndProject
Project("{FAE04EC0-301F-11D3-BF4B-00C04F79EFBC}") = "AccountManagement.Domain", "AccountManagement.Domain\AccountManagement.Domain.csproj", "{69CF3A75-816C-4805-85CB-3BF3DAA10103}"
EndProject
Project("{FAE04EC0-301F-11D3-BF4B-00C04F79EFBC}") = "AccountManagement.Application", "AccountManagement.Application\AccountManagement.Application.csproj", "{7F5ED5FE-8C45-4C8C-BE91-600E915F3004}"
EndProject
Project("{FAE04EC0-301F-11D3-BF4B-00C04F79EFBC}") = "AccountManagement.Application.Contracts", "AccountManagement.Application.Contracts\AccountManagement.Application.Contracts.csproj", "{78351870-8EC7-4B26-B028-9DBD64141754}"
EndProject
Project("{FAE04EC0-301F-11D3-BF4B-00C04F79EFBC}") = "AccountManagement.Infrastructure.EFCore", "AccountManagement.Infrastructure.EFCore\AccountManagement.Infrastructure.EFCore.csproj", "{0A30903D-5B72-4ADA-83FF-8AAD4DCE9884}"
EndProject
Project("{FAE04EC0-301F-11D3-BF4B-00C04F79EFBC}") = "AccountManagement.Configuration", "AccountManagement.Configuration\AccountManagement.Configuration.csproj", "{0E6A7BD7-BD42-44DF-8E3B-FC7F51FB96FC}"
EndProject
Project("{FAE04EC0-301F-11D3-BF4B-00C04F79EFBC}") = "ShopManagement.Infrastructure.InventoryAcl", "ShopManagement.Infrastructure.InventoryAcl\ShopManagement.Infrastructure.InventoryAcl.csproj", "{9700D23E-E614-462A-BD9C-A07CA30D666F}"
EndProject
Project("{FAE04EC0-301F-11D3-BF4B-00C04F79EFBC}") = "ShopManagement.Infrastructure.AccountAcl", "ShopManagement.Infrastructure.AccountAcl\ShopManagement.Infrastructure.AccountAcl.csproj", "{A85E2F77-C229-4480-9AC6-6CA1AA041C5F}"
EndProject
Global
	GlobalSection(SolutionConfigurationPlatforms) = preSolution
		Debug|Any CPU = Debug|Any CPU
		Release|Any CPU = Release|Any CPU
	EndGlobalSection
	GlobalSection(ProjectConfigurationPlatforms) = postSolution
		{EEBF5F96-8690-4964-839A-FDD007C33730}.Debug|Any CPU.ActiveCfg = Debug|Any CPU
		{EEBF5F96-8690-4964-839A-FDD007C33730}.Debug|Any CPU.Build.0 = Debug|Any CPU
		{EEBF5F96-8690-4964-839A-FDD007C33730}.Release|Any CPU.ActiveCfg = Release|Any CPU
		{EEBF5F96-8690-4964-839A-FDD007C33730}.Release|Any CPU.Build.0 = Release|Any CPU
		{FBBBE565-1078-48FE-9BAA-5C94293758FD}.Debug|Any CPU.ActiveCfg = Debug|Any CPU
		{FBBBE565-1078-48FE-9BAA-5C94293758FD}.Debug|Any CPU.Build.0 = Debug|Any CPU
		{FBBBE565-1078-48FE-9BAA-5C94293758FD}.Release|Any CPU.ActiveCfg = Release|Any CPU
		{FBBBE565-1078-48FE-9BAA-5C94293758FD}.Release|Any CPU.Build.0 = Release|Any CPU
		{1E86478F-3F3F-4840-96D6-ABC3D97654F5}.Debug|Any CPU.ActiveCfg = Debug|Any CPU
		{1E86478F-3F3F-4840-96D6-ABC3D97654F5}.Debug|Any CPU.Build.0 = Debug|Any CPU
		{1E86478F-3F3F-4840-96D6-ABC3D97654F5}.Release|Any CPU.ActiveCfg = Release|Any CPU
		{1E86478F-3F3F-4840-96D6-ABC3D97654F5}.Release|Any CPU.Build.0 = Release|Any CPU
		{9B9B93AE-DD00-47D5-B6C7-1B2C5DF3FCF3}.Debug|Any CPU.ActiveCfg = Debug|Any CPU
		{9B9B93AE-DD00-47D5-B6C7-1B2C5DF3FCF3}.Debug|Any CPU.Build.0 = Debug|Any CPU
		{9B9B93AE-DD00-47D5-B6C7-1B2C5DF3FCF3}.Release|Any CPU.ActiveCfg = Release|Any CPU
		{9B9B93AE-DD00-47D5-B6C7-1B2C5DF3FCF3}.Release|Any CPU.Build.0 = Release|Any CPU
		{25289740-6E7B-4D8B-98CD-A46BFFB53DD6}.Debug|Any CPU.ActiveCfg = Debug|Any CPU
		{25289740-6E7B-4D8B-98CD-A46BFFB53DD6}.Debug|Any CPU.Build.0 = Debug|Any CPU
		{25289740-6E7B-4D8B-98CD-A46BFFB53DD6}.Release|Any CPU.ActiveCfg = Release|Any CPU
		{25289740-6E7B-4D8B-98CD-A46BFFB53DD6}.Release|Any CPU.Build.0 = Release|Any CPU
		{1ADEF05F-50C0-43BF-8237-7B33A358874F}.Debug|Any CPU.ActiveCfg = Debug|Any CPU
		{1ADEF05F-50C0-43BF-8237-7B33A358874F}.Debug|Any CPU.Build.0 = Debug|Any CPU
		{1ADEF05F-50C0-43BF-8237-7B33A358874F}.Release|Any CPU.ActiveCfg = Release|Any CPU
		{1ADEF05F-50C0-43BF-8237-7B33A358874F}.Release|Any CPU.Build.0 = Release|Any CPU
		{CB6E2E3B-386C-48F2-97B2-94F5BD783295}.Debug|Any CPU.ActiveCfg = Debug|Any CPU
		{CB6E2E3B-386C-48F2-97B2-94F5BD783295}.Debug|Any CPU.Build.0 = Debug|Any CPU
		{CB6E2E3B-386C-48F2-97B2-94F5BD783295}.Release|Any CPU.ActiveCfg = Release|Any CPU
		{CB6E2E3B-386C-48F2-97B2-94F5BD783295}.Release|Any CPU.Build.0 = Release|Any CPU
		{475A9668-F795-4980-8A52-4C60558D2607}.Debug|Any CPU.ActiveCfg = Debug|Any CPU
		{475A9668-F795-4980-8A52-4C60558D2607}.Debug|Any CPU.Build.0 = Debug|Any CPU
		{475A9668-F795-4980-8A52-4C60558D2607}.Release|Any CPU.ActiveCfg = Release|Any CPU
		{475A9668-F795-4980-8A52-4C60558D2607}.Release|Any CPU.Build.0 = Release|Any CPU
		{89D46815-F423-497C-9DCB-071308CB2E23}.Debug|Any CPU.ActiveCfg = Debug|Any CPU
		{89D46815-F423-497C-9DCB-071308CB2E23}.Debug|Any CPU.Build.0 = Debug|Any CPU
		{89D46815-F423-497C-9DCB-071308CB2E23}.Release|Any CPU.ActiveCfg = Release|Any CPU
		{89D46815-F423-497C-9DCB-071308CB2E23}.Release|Any CPU.Build.0 = Release|Any CPU
		{5C7BF7B5-63B8-4DBF-89AD-40D17D3B9C11}.Debug|Any CPU.ActiveCfg = Debug|Any CPU
		{5C7BF7B5-63B8-4DBF-89AD-40D17D3B9C11}.Debug|Any CPU.Build.0 = Debug|Any CPU
		{5C7BF7B5-63B8-4DBF-89AD-40D17D3B9C11}.Release|Any CPU.ActiveCfg = Release|Any CPU
		{5C7BF7B5-63B8-4DBF-89AD-40D17D3B9C11}.Release|Any CPU.Build.0 = Release|Any CPU
		{2C28CCEB-55EE-41DA-9D9E-F3AD092C43BB}.Debug|Any CPU.ActiveCfg = Debug|Any CPU
		{2C28CCEB-55EE-41DA-9D9E-F3AD092C43BB}.Debug|Any CPU.Build.0 = Debug|Any CPU
		{2C28CCEB-55EE-41DA-9D9E-F3AD092C43BB}.Release|Any CPU.ActiveCfg = Release|Any CPU
		{2C28CCEB-55EE-41DA-9D9E-F3AD092C43BB}.Release|Any CPU.Build.0 = Release|Any CPU
		{8C350E70-EB73-4ACF-860A-387C7266DE42}.Debug|Any CPU.ActiveCfg = Debug|Any CPU
		{8C350E70-EB73-4ACF-860A-387C7266DE42}.Debug|Any CPU.Build.0 = Debug|Any CPU
		{8C350E70-EB73-4ACF-860A-387C7266DE42}.Release|Any CPU.ActiveCfg = Release|Any CPU
		{8C350E70-EB73-4ACF-860A-387C7266DE42}.Release|Any CPU.Build.0 = Release|Any CPU
		{F2DAB830-E84F-4B1F-A365-DF95E5DF9E14}.Debug|Any CPU.ActiveCfg = Debug|Any CPU
		{F2DAB830-E84F-4B1F-A365-DF95E5DF9E14}.Debug|Any CPU.Build.0 = Debug|Any CPU
		{F2DAB830-E84F-4B1F-A365-DF95E5DF9E14}.Release|Any CPU.ActiveCfg = Release|Any CPU
		{F2DAB830-E84F-4B1F-A365-DF95E5DF9E14}.Release|Any CPU.Build.0 = Release|Any CPU
		{1A001CA4-E448-4230-9E92-251B2D607CD0}.Debug|Any CPU.ActiveCfg = Debug|Any CPU
		{1A001CA4-E448-4230-9E92-251B2D607CD0}.Debug|Any CPU.Build.0 = Debug|Any CPU
		{1A001CA4-E448-4230-9E92-251B2D607CD0}.Release|Any CPU.ActiveCfg = Release|Any CPU
		{1A001CA4-E448-4230-9E92-251B2D607CD0}.Release|Any CPU.Build.0 = Release|Any CPU
		{246943A0-88E2-4970-AE0E-B2A44F13FE39}.Debug|Any CPU.ActiveCfg = Debug|Any CPU
		{246943A0-88E2-4970-AE0E-B2A44F13FE39}.Debug|Any CPU.Build.0 = Debug|Any CPU
		{246943A0-88E2-4970-AE0E-B2A44F13FE39}.Release|Any CPU.ActiveCfg = Release|Any CPU
		{246943A0-88E2-4970-AE0E-B2A44F13FE39}.Release|Any CPU.Build.0 = Release|Any CPU
		{F7850CE7-1CDF-412D-B10C-9AF5D6F90D05}.Debug|Any CPU.ActiveCfg = Debug|Any CPU
		{F7850CE7-1CDF-412D-B10C-9AF5D6F90D05}.Debug|Any CPU.Build.0 = Debug|Any CPU
		{F7850CE7-1CDF-412D-B10C-9AF5D6F90D05}.Release|Any CPU.ActiveCfg = Release|Any CPU
		{F7850CE7-1CDF-412D-B10C-9AF5D6F90D05}.Release|Any CPU.Build.0 = Release|Any CPU
		{3DDE63FB-54E8-4270-97CE-80AD92630A1B}.Debug|Any CPU.ActiveCfg = Debug|Any CPU
		{3DDE63FB-54E8-4270-97CE-80AD92630A1B}.Debug|Any CPU.Build.0 = Debug|Any CPU
		{3DDE63FB-54E8-4270-97CE-80AD92630A1B}.Release|Any CPU.ActiveCfg = Release|Any CPU
		{3DDE63FB-54E8-4270-97CE-80AD92630A1B}.Release|Any CPU.Build.0 = Release|Any CPU
		{E0E9AA1B-B66F-4ADB-BD5E-20F5AAEF76DF}.Debug|Any CPU.ActiveCfg = Debug|Any CPU
		{E0E9AA1B-B66F-4ADB-BD5E-20F5AAEF76DF}.Debug|Any CPU.Build.0 = Debug|Any CPU
		{E0E9AA1B-B66F-4ADB-BD5E-20F5AAEF76DF}.Release|Any CPU.ActiveCfg = Release|Any CPU
		{E0E9AA1B-B66F-4ADB-BD5E-20F5AAEF76DF}.Release|Any CPU.Build.0 = Release|Any CPU
		{69CF3A75-816C-4805-85CB-3BF3DAA10103}.Debug|Any CPU.ActiveCfg = Debug|Any CPU
		{69CF3A75-816C-4805-85CB-3BF3DAA10103}.Debug|Any CPU.Build.0 = Debug|Any CPU
		{69CF3A75-816C-4805-85CB-3BF3DAA10103}.Release|Any CPU.ActiveCfg = Release|Any CPU
		{69CF3A75-816C-4805-85CB-3BF3DAA10103}.Release|Any CPU.Build.0 = Release|Any CPU
		{7F5ED5FE-8C45-4C8C-BE91-600E915F3004}.Debug|Any CPU.ActiveCfg = Debug|Any CPU
		{7F5ED5FE-8C45-4C8C-BE91-600E915F3004}.Debug|Any CPU.Build.0 = Debug|Any CPU
		{7F5ED5FE-8C45-4C8C-BE91-600E915F3004}.Release|Any CPU.ActiveCfg = Release|Any CPU
		{7F5ED5FE-8C45-4C8C-BE91-600E915F3004}.Release|Any CPU.Build.0 = Release|Any CPU
		{78351870-8EC7-4B26-B028-9DBD64141754}.Debug|Any CPU.ActiveCfg = Debug|Any CPU
		{78351870-8EC7-4B26-B028-9DBD64141754}.Debug|Any CPU.Build.0 = Debug|Any CPU
		{78351870-8EC7-4B26-B028-9DBD64141754}.Release|Any CPU.ActiveCfg = Release|Any CPU
		{78351870-8EC7-4B26-B028-9DBD64141754}.Release|Any CPU.Build.0 = Release|Any CPU
		{0A30903D-5B72-4ADA-83FF-8AAD4DCE9884}.Debug|Any CPU.ActiveCfg = Debug|Any CPU
		{0A30903D-5B72-4ADA-83FF-8AAD4DCE9884}.Debug|Any CPU.Build.0 = Debug|Any CPU
		{0A30903D-5B72-4ADA-83FF-8AAD4DCE9884}.Release|Any CPU.ActiveCfg = Release|Any CPU
		{0A30903D-5B72-4ADA-83FF-8AAD4DCE9884}.Release|Any CPU.Build.0 = Release|Any CPU
		{0E6A7BD7-BD42-44DF-8E3B-FC7F51FB96FC}.Debug|Any CPU.ActiveCfg = Debug|Any CPU
		{0E6A7BD7-BD42-44DF-8E3B-FC7F51FB96FC}.Debug|Any CPU.Build.0 = Debug|Any CPU
		{0E6A7BD7-BD42-44DF-8E3B-FC7F51FB96FC}.Release|Any CPU.ActiveCfg = Release|Any CPU
		{0E6A7BD7-BD42-44DF-8E3B-FC7F51FB96FC}.Release|Any CPU.Build.0 = Release|Any CPU
		{9700D23E-E614-462A-BD9C-A07CA30D666F}.Debug|Any CPU.ActiveCfg = Debug|Any CPU
		{9700D23E-E614-462A-BD9C-A07CA30D666F}.Debug|Any CPU.Build.0 = Debug|Any CPU
		{9700D23E-E614-462A-BD9C-A07CA30D666F}.Release|Any CPU.ActiveCfg = Release|Any CPU
		{9700D23E-E614-462A-BD9C-A07CA30D666F}.Release|Any CPU.Build.0 = Release|Any CPU
		{A85E2F77-C229-4480-9AC6-6CA1AA041C5F}.Debug|Any CPU.ActiveCfg = Debug|Any CPU
		{A85E2F77-C229-4480-9AC6-6CA1AA041C5F}.Debug|Any CPU.Build.0 = Debug|Any CPU
		{A85E2F77-C229-4480-9AC6-6CA1AA041C5F}.Release|Any CPU.ActiveCfg = Release|Any CPU
		{A85E2F77-C229-4480-9AC6-6CA1AA041C5F}.Release|Any CPU.Build.0 = Release|Any CPU
	EndGlobalSection
	GlobalSection(NestedProjects) = preSolution
		{1E86478F-3F3F-4840-96D6-ABC3D97654F5} = {0149C220-9CB3-4D9F-88F9-A1D4BD2E6CA6}
		{9B9B93AE-DD00-47D5-B6C7-1B2C5DF3FCF3} = {0149C220-9CB3-4D9F-88F9-A1D4BD2E6CA6}
		{1ADEF05F-50C0-43BF-8237-7B33A358874F} = {0149C220-9CB3-4D9F-88F9-A1D4BD2E6CA6}
		{EEBF5F96-8690-4964-839A-FDD007C33730} = {0149C220-9CB3-4D9F-88F9-A1D4BD2E6CA6}
		{25289740-6E7B-4D8B-98CD-A46BFFB53DD6} = {0149C220-9CB3-4D9F-88F9-A1D4BD2E6CA6}
		{2C28CCEB-55EE-41DA-9D9E-F3AD092C43BB} = {4B0F3A40-0537-48C6-8A17-7077350DC56A}
		{5C7BF7B5-63B8-4DBF-89AD-40D17D3B9C11} = {4B0F3A40-0537-48C6-8A17-7077350DC56A}
		{F2DAB830-E84F-4B1F-A365-DF95E5DF9E14} = {4B0F3A40-0537-48C6-8A17-7077350DC56A}
		{89D46815-F423-497C-9DCB-071308CB2E23} = {4B0F3A40-0537-48C6-8A17-7077350DC56A}
		{8C350E70-EB73-4ACF-860A-387C7266DE42} = {4B0F3A40-0537-48C6-8A17-7077350DC56A}
		{E0E9AA1B-B66F-4ADB-BD5E-20F5AAEF76DF} = {F0F1E784-7D85-4A24-8362-2CFC3B194DFE}
		{246943A0-88E2-4970-AE0E-B2A44F13FE39} = {F0F1E784-7D85-4A24-8362-2CFC3B194DFE}
		{1A001CA4-E448-4230-9E92-251B2D607CD0} = {F0F1E784-7D85-4A24-8362-2CFC3B194DFE}
		{3DDE63FB-54E8-4270-97CE-80AD92630A1B} = {F0F1E784-7D85-4A24-8362-2CFC3B194DFE}
		{F7850CE7-1CDF-412D-B10C-9AF5D6F90D05} = {F0F1E784-7D85-4A24-8362-2CFC3B194DFE}
		{69CF3A75-816C-4805-85CB-3BF3DAA10103} = {42F49072-16C9-4AD5-9A15-4DF160208845}
		{7F5ED5FE-8C45-4C8C-BE91-600E915F3004} = {42F49072-16C9-4AD5-9A15-4DF160208845}
		{78351870-8EC7-4B26-B028-9DBD64141754} = {42F49072-16C9-4AD5-9A15-4DF160208845}
		{0A30903D-5B72-4ADA-83FF-8AAD4DCE9884} = {42F49072-16C9-4AD5-9A15-4DF160208845}
		{0E6A7BD7-BD42-44DF-8E3B-FC7F51FB96FC} = {42F49072-16C9-4AD5-9A15-4DF160208845}
		{9700D23E-E614-462A-BD9C-A07CA30D666F} = {0149C220-9CB3-4D9F-88F9-A1D4BD2E6CA6}
		{A85E2F77-C229-4480-9AC6-6CA1AA041C5F} = {0149C220-9CB3-4D9F-88F9-A1D4BD2E6CA6}
	EndGlobalSection
EndGlobal
